
Microsoft Visual Studio Solution File, Format Version 12.00
# Visual Studio Version 16
VisualStudioVersion = 16.0.31624.102
MinimumVisualStudioVersion = 10.0.40219.1
Project("{FAE04EC0-301F-11D3-BF4B-00C04F79EFBC}") = "HeshamHatHunger", "HeshamHatHunger\HeshamHatHunger.csproj", "{14F58155-67DC-451A-9908-BDAF01503907}"
EndProject
Global
	GlobalSection(SolutionConfigurationPlatforms) = preSolution
		Debug|Any CPU = Debug|Any CPU
		Release|Any CPU = Release|Any CPU
	EndGlobalSection
	GlobalSection(ProjectConfigurationPlatforms) = postSolution
		{14F58155-67DC-451A-9908-BDAF01503907}.Debug|Any CPU.ActiveCfg = Debug|Any CPU
		{14F58155-67DC-451A-9908-BDAF01503907}.Debug|Any CPU.Build.0 = Debug|Any CPU
		{14F58155-67DC-451A-9908-BDAF01503907}.Release|Any CPU.ActiveCfg = Release|Any CPU
		{14F58155-67DC-451A-9908-BDAF01503907}.Release|Any CPU.Build.0 = Release|Any CPU
	EndGlobalSection
	GlobalSection(SolutionProperties) = preSolution
		HideSolutionNode = FALSE
	EndGlobalSection
	GlobalSection(ExtensibilityGlobals) = postSolution
		SolutionGuid = {9FC74A40-32A3-46A5-9226-FFA1D0B42A0C}
	EndGlobalSection
EndGlobal
