
Microsoft Visual Studio Solution File, Format Version 12.00
# Visual Studio Version 17
VisualStudioVersion = 17.4.33213.308
MinimumVisualStudioVersion = 10.0.40219.1
Project("{FAE04EC0-301F-11D3-BF4B-00C04F79EFBC}") = "Grundlagen", "Grundlagen\Grundlagen.csproj", "{29288065-B42D-43C8-A4A0-28FA7FDED279}"
EndProject
Global
	GlobalSection(SolutionConfigurationPlatforms) = preSolution
		Debug|Any CPU = Debug|Any CPU
		Release|Any CPU = Release|Any CPU
	EndGlobalSection
	GlobalSection(ProjectConfigurationPlatforms) = postSolution
		{29288065-B42D-43C8-A4A0-28FA7FDED279}.Debug|Any CPU.ActiveCfg = Debug|Any CPU
		{29288065-B42D-43C8-A4A0-28FA7FDED279}.Debug|Any CPU.Build.0 = Debug|Any CPU
		{29288065-B42D-43C8-A4A0-28FA7FDED279}.Release|Any CPU.ActiveCfg = Release|Any CPU
		{29288065-B42D-43C8-A4A0-28FA7FDED279}.Release|Any CPU.Build.0 = Release|Any CPU
	EndGlobalSection
	GlobalSection(SolutionProperties) = preSolution
		HideSolutionNode = FALSE
	EndGlobalSection
	GlobalSection(ExtensibilityGlobals) = postSolution
		SolutionGuid = {49281375-1A7A-4104-A8DD-4983D4E37AF6}
	EndGlobalSection
EndGlobal
