
Microsoft Visual Studio Solution File, Format Version 12.00
# Visual Studio Version 16
VisualStudioVersion = 16.0.31729.503
MinimumVisualStudioVersion = 10.0.40219.1
Project("{FAE04EC0-301F-11D3-BF4B-00C04F79EFBC}") = "Bankautomat", "Bankautomat\Bankautomat.csproj", "{42A070D2-0552-4CDF-B0B0-6A516B6F245A}"
EndProject
Global
	GlobalSection(SolutionConfigurationPlatforms) = preSolution
		Debug|Any CPU = Debug|Any CPU
		Release|Any CPU = Release|Any CPU
	EndGlobalSection
	GlobalSection(ProjectConfigurationPlatforms) = postSolution
		{42A070D2-0552-4CDF-B0B0-6A516B6F245A}.Debug|Any CPU.ActiveCfg = Debug|Any CPU
		{42A070D2-0552-4CDF-B0B0-6A516B6F245A}.Debug|Any CPU.Build.0 = Debug|Any CPU
		{42A070D2-0552-4CDF-B0B0-6A516B6F245A}.Release|Any CPU.ActiveCfg = Release|Any CPU
		{42A070D2-0552-4CDF-B0B0-6A516B6F245A}.Release|Any CPU.Build.0 = Release|Any CPU
	EndGlobalSection
	GlobalSection(SolutionProperties) = preSolution
		HideSolutionNode = FALSE
	EndGlobalSection
	GlobalSection(ExtensibilityGlobals) = postSolution
		SolutionGuid = {7A57977E-A709-4835-BC43-F46D57FF088E}
	EndGlobalSection
EndGlobal
